// !$*UTF8*$!
{
	archiveVersion = 1;
	classes = {
	};
	objectVersion = 46;
	objects = {

/* Begin PBXBuildFile section */
		715243291A3210890086BA0F /* AppDelegate.swift in Sources */ = {isa = PBXBuildFile; fileRef = 715243281A3210890086BA0F /* AppDelegate.swift */; };
		7152432B1A3210890086BA0F /* ViewController.swift in Sources */ = {isa = PBXBuildFile; fileRef = 7152432A1A3210890086BA0F /* ViewController.swift */; };
		7152432E1A3210890086BA0F /* Main.storyboard in Resources */ = {isa = PBXBuildFile; fileRef = 7152432C1A3210890086BA0F /* Main.storyboard */; };
		715243301A3210890086BA0F /* Images.xcassets in Resources */ = {isa = PBXBuildFile; fileRef = 7152432F1A3210890086BA0F /* Images.xcassets */; };
		715243331A3210890086BA0F /* LaunchScreen.xib in Resources */ = {isa = PBXBuildFile; fileRef = 715243311A3210890086BA0F /* LaunchScreen.xib */; };
		7152433F1A3210890086BA0F /* firstTests.swift in Sources */ = {isa = PBXBuildFile; fileRef = 7152433E1A3210890086BA0F /* firstTests.swift */; };
/* End PBXBuildFile section */

/* Begin PBXContainerItemProxy section */
		715243391A3210890086BA0F /* PBXContainerItemProxy */ = {
			isa = PBXContainerItemProxy;
			containerPortal = 7152431B1A3210890086BA0F /* Project object */;
			proxyType = 1;
			remoteGlobalIDString = 715243221A3210890086BA0F;
			remoteInfo = first;
		};
/* End PBXContainerItemProxy section */

/* Begin PBXFileReference section */
		715243231A3210890086BA0F /* first.app */ = {isa = PBXFileReference; explicitFileType = wrapper.application; includeInIndex = 0; path = first.app; sourceTree = BUILT_PRODUCTS_DIR; };
		715243271A3210890086BA0F /* Info.plist */ = {isa = PBXFileReference; lastKnownFileType = text.plist.xml; path = Info.plist; sourceTree = "<group>"; };
		715243281A3210890086BA0F /* AppDelegate.swift */ = {isa = PBXFileReference; lastKnownFileType = sourcecode.swift; path = AppDelegate.swift; sourceTree = "<group>"; };
		7152432A1A3210890086BA0F /* ViewController.swift */ = {isa = PBXFileReference; lastKnownFileType = sourcecode.swift; path = ViewController.swift; sourceTree = "<group>"; };
		7152432D1A3210890086BA0F /* Base */ = {isa = PBXFileReference; lastKnownFileType = file.storyboard; name = Base; path = Base.lproj/Main.storyboard; sourceTree = "<group>"; };
		7152432F1A3210890086BA0F /* Images.xcassets */ = {isa = PBXFileReference; lastKnownFileType = folder.assetcatalog; path = Images.xcassets; sourceTree = "<group>"; };
		715243321A3210890086BA0F /* Base */ = {isa = PBXFileReference; lastKnownFileType = file.xib; name = Base; path = Base.lproj/LaunchScreen.xib; sourceTree = "<group>"; };
		715243381A3210890086BA0F /* firstTests.xctest */ = {isa = PBXFileReference; explicitFileType = wrapper.cfbundle; includeInIndex = 0; path = firstTests.xctest; sourceTree = BUILT_PRODUCTS_DIR; };
		7152433D1A3210890086BA0F /* Info.plist */ = {isa = PBXFileReference; lastKnownFileType = text.plist.xml; path = Info.plist; sourceTree = "<group>"; };
		7152433E1A3210890086BA0F /* firstTests.swift */ = {isa = PBXFileReference; lastKnownFileType = sourcecode.swift; path = firstTests.swift; sourceTree = "<group>"; };
		7165C0301A32A8DD001B44CF /* MyPlayground.playground */ = {isa = PBXFileReference; lastKnownFileType = file.playground; path = MyPlayground.playground; sourceTree = "<group>"; };
/* End PBXFileReference section */

/* Begin PBXFrameworksBuildPhase section */
		715243201A3210890086BA0F /* Frameworks */ = {
			isa = PBXFrameworksBuildPhase;
			buildActionMask = 2147483647;
			files = (
			);
			runOnlyForDeploymentPostprocessing = 0;
		};
		715243351A3210890086BA0F /* Frameworks */ = {
			isa = PBXFrameworksBuildPhase;
			buildActionMask = 2147483647;
			files = (
			);
			runOnlyForDeploymentPostprocessing = 0;
		};
/* End PBXFrameworksBuildPhase section */

/* Begin PBXGroup section */
		7152431A1A3210890086BA0F = {
			isa = PBXGroup;
			children = (
				715243251A3210890086BA0F /* first */,
				7152433B1A3210890086BA0F /* firstTests */,
				715243241A3210890086BA0F /* Products */,
			);
			sourceTree = "<group>";
		};
		715243241A3210890086BA0F /* Products */ = {
			isa = PBXGroup;
			children = (
				715243231A3210890086BA0F /* first.app */,
				715243381A3210890086BA0F /* firstTests.xctest */,
			);
			name = Products;
			sourceTree = "<group>";
		};
		715243251A3210890086BA0F /* first */ = {
			isa = PBXGroup;
			children = (
				715243281A3210890086BA0F /* AppDelegate.swift */,
				7152432A1A3210890086BA0F /* ViewController.swift */,
				7152432C1A3210890086BA0F /* Main.storyboard */,
				7152432F1A3210890086BA0F /* Images.xcassets */,
				715243311A3210890086BA0F /* LaunchScreen.xib */,
				715243261A3210890086BA0F /* Supporting Files */,
				7165C0301A32A8DD001B44CF /* MyPlayground.playground */,
			);
			path = first;
			sourceTree = "<group>";
		};
		715243261A3210890086BA0F /* Supporting Files */ = {
			isa = PBXGroup;
			children = (
				715243271A3210890086BA0F /* Info.plist */,
			);
			name = "Supporting Files";
			sourceTree = "<group>";
		};
		7152433B1A3210890086BA0F /* firstTests */ = {
			isa = PBXGroup;
			children = (
				7152433E1A3210890086BA0F /* firstTests.swift */,
				7152433C1A3210890086BA0F /* Supporting Files */,
			);
			path = firstTests;
			sourceTree = "<group>";
		};
		7152433C1A3210890086BA0F /* Supporting Files */ = {
			isa = PBXGroup;
			children = (
				7152433D1A3210890086BA0F /* Info.plist */,
			);
			name = "Supporting Files";
			sourceTree = "<group>";
		};
/* End PBXGroup section */

/* Begin PBXNativeTarget section */
		715243221A3210890086BA0F /* first */ = {
			isa = PBXNativeTarget;
			buildConfigurationList = 715243421A3210890086BA0F /* Build configuration list for PBXNativeTarget "first" */;
			buildPhases = (
				7152431F1A3210890086BA0F /* Sources */,
				715243201A3210890086BA0F /* Frameworks */,
				715243211A3210890086BA0F /* Resources */,
			);
			buildRules = (
			);
			dependencies = (
			);
			name = first;
			productName = first;
			productReference = 715243231A3210890086BA0F /* first.app */;
			productType = "com.apple.product-type.application";
		};
		715243371A3210890086BA0F /* firstTests */ = {
			isa = PBXNativeTarget;
			buildConfigurationList = 715243451A3210890086BA0F /* Build configuration list for PBXNativeTarget "firstTests" */;
			buildPhases = (
				715243341A3210890086BA0F /* Sources */,
				715243351A3210890086BA0F /* Frameworks */,
				715243361A3210890086BA0F /* Resources */,
			);
			buildRules = (
			);
			dependencies = (
				7152433A1A3210890086BA0F /* PBXTargetDependency */,
			);
			name = firstTests;
			productName = firstTests;
			productReference = 715243381A3210890086BA0F /* firstTests.xctest */;
			productType = "com.apple.product-type.bundle.unit-test";
		};
/* End PBXNativeTarget section */

/* Begin PBXProject section */
		7152431B1A3210890086BA0F /* Project object */ = {
			isa = PBXProject;
			attributes = {
				LastUpgradeCheck = 0610;
				ORGANIZATIONNAME = Arvo;
				TargetAttributes = {
					715243221A3210890086BA0F = {
						CreatedOnToolsVersion = 6.1.1;
					};
					715243371A3210890086BA0F = {
						CreatedOnToolsVersion = 6.1.1;
						TestTargetID = 715243221A3210890086BA0F;
					};
				};
			};
			buildConfigurationList = 7152431E1A3210890086BA0F /* Build configuration list for PBXProject "first" */;
			compatibilityVersion = "Xcode 3.2";
			developmentRegion = English;
			hasScannedForEncodings = 0;
			knownRegions = (
				en,
				Base,
			);
			mainGroup = 7152431A1A3210890086BA0F;
			productRefGroup = 715243241A3210890086BA0F /* Products */;
			projectDirPath = "";
			projectRoot = "";
			targets = (
				715243221A3210890086BA0F /* first */,
				715243371A3210890086BA0F /* firstTests */,
			);
		};
/* End PBXProject section */

/* Begin PBXResourcesBuildPhase section */
		715243211A3210890086BA0F /* Resources */ = {
			isa = PBXResourcesBuildPhase;
			buildActionMask = 2147483647;
			files = (
				7152432E1A3210890086BA0F /* Main.storyboard in Resources */,
				715243331A3210890086BA0F /* LaunchScreen.xib in Resources */,
				715243301A3210890086BA0F /* Images.xcassets in Resources */,
			);
			runOnlyForDeploymentPostprocessing = 0;
		};
		715243361A3210890086BA0F /* Resources */ = {
			isa = PBXResourcesBuildPhase;
			buildActionMask = 2147483647;
			files = (
			);
			runOnlyForDeploymentPostprocessing = 0;
		};
/* End PBXResourcesBuildPhase section */

/* Begin PBXSourcesBuildPhase section */
		7152431F1A3210890086BA0F /* Sources */ = {
			isa = PBXSourcesBuildPhase;
			buildActionMask = 2147483647;
			files = (
				7152432B1A3210890086BA0F /* ViewController.swift in Sources */,
				715243291A3210890086BA0F /* AppDelegate.swift in Sources */,
			);
			runOnlyForDeploymentPostprocessing = 0;
		};
		715243341A3210890086BA0F /* Sources */ = {
			isa = PBXSourcesBuildPhase;
			buildActionMask = 2147483647;
			files = (
				7152433F1A3210890086BA0F /* firstTests.swift in Sources */,
			);
			runOnlyForDeploymentPostprocessing = 0;
		};
/* End PBXSourcesBuildPhase section */

/* Begin PBXTargetDependency section */
		7152433A1A3210890086BA0F /* PBXTargetDependency */ = {
			isa = PBXTargetDependency;
			target = 715243221A3210890086BA0F /* first */;
			targetProxy = 715243391A3210890086BA0F /* PBXContainerItemProxy */;
		};
/* End PBXTargetDependency section */

/* Begin PBXVariantGroup section */
		7152432C1A3210890086BA0F /* Main.storyboard */ = {
			isa = PBXVariantGroup;
			children = (
				7152432D1A3210890086BA0F /* Base */,
			);
			name = Main.storyboard;
			sourceTree = "<group>";
		};
		715243311A3210890086BA0F /* LaunchScreen.xib */ = {
			isa = PBXVariantGroup;
			children = (
				715243321A3210890086BA0F /* Base */,
			);
			name = LaunchScreen.xib;
			sourceTree = "<group>";
		};
/* End PBXVariantGroup section */

/* Begin XCBuildConfiguration section */
		715243401A3210890086BA0F /* Debug */ = {
			isa = XCBuildConfiguration;
			buildSettings = {
				ALWAYS_SEARCH_USER_PATHS = NO;
				CLANG_CXX_LANGUAGE_STANDARD = "gnu++0x";
				CLANG_CXX_LIBRARY = "libc++";
				CLANG_ENABLE_MODULES = YES;
				CLANG_ENABLE_OBJC_ARC = YES;
				CLANG_WARN_BOOL_CONVERSION = YES;
				CLANG_WARN_CONSTANT_CONVERSION = YES;
				CLANG_WARN_DIRECT_OBJC_ISA_USAGE = YES_ERROR;
				CLANG_WARN_EMPTY_BODY = YES;
				CLANG_WARN_ENUM_CONVERSION = YES;
				CLANG_WARN_INT_CONVERSION = YES;
				CLANG_WARN_OBJC_ROOT_CLASS = YES_ERROR;
				CLANG_WARN_UNREACHABLE_CODE = YES;
				CLANG_WARN__DUPLICATE_METHOD_MATCH = YES;
				"CODE_SIGN_IDENTITY[sdk=iphoneos*]" = "iPhone Developer";
				COPY_PHASE_STRIP = NO;
				ENABLE_STRICT_OBJC_MSGSEND = YES;
				GCC_C_LANGUAGE_STANDARD = gnu99;
				GCC_DYNAMIC_NO_PIC = NO;
				GCC_OPTIMIZATION_LEVEL = 0;
				GCC_PREPROCESSOR_DEFINITIONS = (
					"DEBUG=1",
					"$(inherited)",
				);
				GCC_SYMBOLS_PRIVATE_EXTERN = NO;
				GCC_WARN_64_TO_32_BIT_CONVERSION = YES;
				GCC_WARN_ABOUT_RETURN_TYPE = YES_ERROR;
				GCC_WARN_UNDECLARED_SELECTOR = YES;
				GCC_WARN_UNINITIALIZED_AUTOS = YES_AGGRESSIVE;
				GCC_WARN_UNUSED_FUNCTION = YES;
				GCC_WARN_UNUSED_VARIABLE = YES;
				IPHONEOS_DEPLOYMENT_TARGET = 8.1;
				MTL_ENABLE_DEBUG_INFO = YES;
				ONLY_ACTIVE_ARCH = YES;
				SDKROOT = iphoneos;
				SWIFT_OPTIMIZATION_LEVEL = "-Onone";
			};
			name = Debug;
		};
		715243411A3210890086BA0F /* Release */ = {
			isa = XCBuildConfiguration;
			buildSettings = {
				ALWAYS_SEARCH_USER_PATHS = NO;
				CLANG_CXX_LANGUAGE_STANDARD = "gnu++0x";
				CLANG_CXX_LIBRARY = "libc++";
				CLANG_ENABLE_MODULES = YES;
				CLANG_ENABLE_OBJC_ARC = YES;
				CLANG_WARN_BOOL_CONVERSION = YES;
				CLANG_WARN_CONSTANT_CONVERSION = YES;
				CLANG_WARN_DIRECT_OBJC_ISA_USAGE = YES_ERROR;
				CLANG_WARN_EMPTY_BODY = YES;
				CLANG_WARN_ENUM_CONVERSION = YES;
				CLANG_WARN_INT_CONVERSION = YES;
				CLANG_WARN_OBJC_ROOT_CLASS = YES_ERROR;
				CLANG_WARN_UNREACHABLE_CODE = YES;
				CLANG_WARN__DUPLICATE_METHOD_MATCH = YES;
				"CODE_SIGN_IDENTITY[sdk=iphoneos*]" = "iPhone Developer";
				COPY_PHASE_STRIP = YES;
				ENABLE_NS_ASSERTIONS = NO;
				ENABLE_STRICT_OBJC_MSGSEND = YES;
				GCC_C_LANGUAGE_STANDARD = gnu99;
				GCC_WARN_64_TO_32_BIT_CONVERSION = YES;
				GCC_WARN_ABOUT_RETURN_TYPE = YES_ERROR;
				GCC_WARN_UNDECLARED_SELECTOR = YES;
				GCC_WARN_UNINITIALIZED_AUTOS = YES_AGGRESSIVE;
				GCC_WARN_UNUSED_FUNCTION = YES;
				GCC_WARN_UNUSED_VARIABLE = YES;
				IPHONEOS_DEPLOYMENT_TARGET = 8.1;
				MTL_ENABLE_DEBUG_INFO = NO;
				SDKROOT = iphoneos;
				VALIDATE_PRODUCT = YES;
			};
			name = Release;
		};
		715243431A3210890086BA0F /* Debug */ = {
			isa = XCBuildConfiguration;
			buildSettings = {
				ASSETCATALOG_COMPILER_APPICON_NAME = AppIcon;
				INFOPLIST_FILE = first/Info.plist;
				LD_RUNPATH_SEARCH_PATHS = "$(inherited) @executable_path/Frameworks";
				PRODUCT_NAME = "$(TARGET_NAME)";
			};
			name = Debug;
		};
		715243441A3210890086BA0F /* Release */ = {
			isa = XCBuildConfiguration;
			buildSettings = {
				ASSETCATALOG_COMPILER_APPICON_NAME = AppIcon;
				INFOPLIST_FILE = first/Info.plist;
				LD_RUNPATH_SEARCH_PATHS = "$(inherited) @executable_path/Frameworks";
				PRODUCT_NAME = "$(TARGET_NAME)";
			};
			name = Release;
		};
		715243461A3210890086BA0F /* Debug */ = {
			isa = XCBuildConfiguration;
			buildSettings = {
				BUNDLE_LOADER = "$(TEST_HOST)";
				FRAMEWORK_SEARCH_PATHS = (
					"$(SDKROOT)/Developer/Library/Frameworks",
					"$(inherited)",
				);
				GCC_PREPROCESSOR_DEFINITIONS = (
					"DEBUG=1",
					"$(inherited)",
				);
				INFOPLIST_FILE = firstTests/Info.plist;
				LD_RUNPATH_SEARCH_PATHS = "$(inherited) @executable_path/Frameworks @loader_path/Frameworks";
				PRODUCT_NAME = "$(TARGET_NAME)";
				TEST_HOST = "$(BUILT_PRODUCTS_DIR)/first.app/first";
			};
			name = Debug;
		};
		715243471A3210890086BA0F /* Release */ = {
			isa = XCBuildConfiguration;
			buildSettings = {
				BUNDLE_LOADER = "$(TEST_HOST)";
				FRAMEWORK_SEARCH_PATHS = (
					"$(SDKROOT)/Developer/Library/Frameworks",
					"$(inherited)",
				);
				INFOPLIST_FILE = firstTests/Info.plist;
				LD_RUNPATH_SEARCH_PATHS = "$(inherited) @executable_path/Frameworks @loader_path/Frameworks";
				PRODUCT_NAME = "$(TARGET_NAME)";
				TEST_HOST = "$(BUILT_PRODUCTS_DIR)/first.app/first";
			};
			name = Release;
		};
/* End XCBuildConfiguration section */

/* Begin XCConfigurationList section */
		7152431E1A3210890086BA0F /* Build configuration list for PBXProject "first" */ = {
			isa = XCConfigurationList;
			buildConfigurations = (
				715243401A3210890086BA0F /* Debug */,
				715243411A3210890086BA0F /* Release */,
			);
			defaultConfigurationIsVisible = 0;
			defaultConfigurationName = Release;
		};
		715243421A3210890086BA0F /* Build configuration list for PBXNativeTarget "first" */ = {
			isa = XCConfigurationList;
			buildConfigurations = (
				715243431A3210890086BA0F /* Debug */,
				715243441A3210890086BA0F /* Release */,
			);
			defaultConfigurationIsVisible = 0;
			defaultConfigurationName = Release;
		};
		715243451A3210890086BA0F /* Build configuration list for PBXNativeTarget "firstTests" */ = {
			isa = XCConfigurationList;
			buildConfigurations = (
				715243461A3210890086BA0F /* Debug */,
				715243471A3210890086BA0F /* Release */,
			);
			defaultConfigurationIsVisible = 0;
			defaultConfigurationName = Release;
		};
/* End XCConfigurationList section */
	};
	rootObject = 7152431B1A3210890086BA0F /* Project object */;
}
